# This file is automatically @generated by Poetry 1.8.3 and should not be changed by hand.

[[package]]
name = "black"
version = "24.10.0"
description = "The uncompromising code formatter."
optional = false
python-versions = ">=3.9"
files = [
    {file = "black-24.10.0-cp310-cp310-macosx_10_9_x86_64.whl", hash = "sha256:e6668650ea4b685440857138e5fe40cde4d652633b1bdffc62933d0db4ed9812"},
    {file = "black-24.10.0-cp310-cp310-macosx_11_0_arm64.whl", hash = "sha256:1c536fcf674217e87b8cc3657b81809d3c085d7bf3ef262ead700da345bfa6ea"},
    {file = "black-24.10.0-cp310-cp310-manylinux_2_17_x86_64.manylinux2014_x86_64.manylinux_2_28_x86_64.whl", hash = "sha256:649fff99a20bd06c6f727d2a27f401331dc0cc861fb69cde910fe95b01b5928f"},
    {file = "black-24.10.0-cp310-cp310-win_amd64.whl", hash = "sha256:fe4d6476887de70546212c99ac9bd803d90b42fc4767f058a0baa895013fbb3e"},
    {file = "black-24.10.0-cp311-cp311-macosx_10_9_x86_64.whl", hash = "sha256:5a2221696a8224e335c28816a9d331a6c2ae15a2ee34ec857dcf3e45dbfa99ad"},
    {file = "black-24.10.0-cp311-cp311-macosx_11_0_arm64.whl", hash = "sha256:f9da3333530dbcecc1be13e69c250ed8dfa67f43c4005fb537bb426e19200d50"},
    {file = "black-24.10.0-cp311-cp311-manylinux_2_17_x86_64.manylinux2014_x86_64.manylinux_2_28_x86_64.whl", hash = "sha256:4007b1393d902b48b36958a216c20c4482f601569d19ed1df294a496eb366392"},
    {file = "black-24.10.0-cp311-cp311-win_amd64.whl", hash = "sha256:394d4ddc64782e51153eadcaaca95144ac4c35e27ef9b0a42e121ae7e57a9175"},
    {file = "black-24.10.0-cp312-cp312-macosx_10_13_x86_64.whl", hash = "sha256:b5e39e0fae001df40f95bd8cc36b9165c5e2ea88900167bddf258bacef9bbdc3"},
    {file = "black-24.10.0-cp312-cp312-macosx_11_0_arm64.whl", hash = "sha256:d37d422772111794b26757c5b55a3eade028aa3fde43121ab7b673d050949d65"},
    {file = "black-24.10.0-cp312-cp312-manylinux_2_17_x86_64.manylinux2014_x86_64.manylinux_2_28_x86_64.whl", hash = "sha256:14b3502784f09ce2443830e3133dacf2c0110d45191ed470ecb04d0f5f6fcb0f"},
    {file = "black-24.10.0-cp312-cp312-win_amd64.whl", hash = "sha256:30d2c30dc5139211dda799758559d1b049f7f14c580c409d6ad925b74a4208a8"},
    {file = "black-24.10.0-cp313-cp313-macosx_10_13_x86_64.whl", hash = "sha256:1cbacacb19e922a1d75ef2b6ccaefcd6e93a2c05ede32f06a21386a04cedb981"},
    {file = "black-24.10.0-cp313-cp313-macosx_11_0_arm64.whl", hash = "sha256:1f93102e0c5bb3907451063e08b9876dbeac810e7da5a8bfb7aeb5a9ef89066b"},
    {file = "black-24.10.0-cp313-cp313-manylinux_2_17_x86_64.manylinux2014_x86_64.manylinux_2_28_x86_64.whl", hash = "sha256:ddacb691cdcdf77b96f549cf9591701d8db36b2f19519373d60d31746068dbf2"},
    {file = "black-24.10.0-cp313-cp313-win_amd64.whl", hash = "sha256:680359d932801c76d2e9c9068d05c6b107f2584b2a5b88831c83962eb9984c1b"},
    {file = "black-24.10.0-cp39-cp39-macosx_10_9_x86_64.whl", hash = "sha256:17374989640fbca88b6a448129cd1745c5eb8d9547b464f281b251dd00155ccd"},
    {file = "black-24.10.0-cp39-cp39-macosx_11_0_arm64.whl", hash = "sha256:63f626344343083322233f175aaf372d326de8436f5928c042639a4afbbf1d3f"},
    {file = "black-24.10.0-cp39-cp39-manylinux_2_17_x86_64.manylinux2014_x86_64.manylinux_2_28_x86_64.whl", hash = "sha256:ccfa1d0cb6200857f1923b602f978386a3a2758a65b52e0950299ea014be6800"},
    {file = "black-24.10.0-cp39-cp39-win_amd64.whl", hash = "sha256:2cd9c95431d94adc56600710f8813ee27eea544dd118d45896bb734e9d7a0dc7"},
    {file = "black-24.10.0-py3-none-any.whl", hash = "sha256:3bb2b7a1f7b685f85b11fed1ef10f8a9148bceb49853e47a294a3dd963c1dd7d"},
    {file = "black-24.10.0.tar.gz", hash = "sha256:846ea64c97afe3bc677b761787993be4991810ecc7a4a937816dd6bddedc4875"},
]

[package.dependencies]
click = ">=8.0.0"
mypy-extensions = ">=0.4.3"
packaging = ">=22.0"
pathspec = ">=0.9.0"
platformdirs = ">=2"

[package.extras]
colorama = ["colorama (>=0.4.3)"]
d = ["aiohttp (>=3.10)"]
jupyter = ["ipython (>=7.8.0)", "tokenize-rt (>=3.2.0)"]
uvloop = ["uvloop (>=0.15.2)"]

[[package]]
name = "click"
version = "8.1.7"
description = "Composable command line interface toolkit"
optional = false
python-versions = ">=3.7"
files = [
    {file = "click-8.1.7-py3-none-any.whl", hash = "sha256:ae74fb96c20a0277a1d615f1e4d73c8414f5a98db8b799a7931d1582f3390c28"},
    {file = "click-8.1.7.tar.gz", hash = "sha256:ca9853ad459e787e2192211578cc907e7594e294c7ccc834310722b41b9ca6de"},
]

[package.dependencies]
colorama = {version = "*", markers = "platform_system == \"Windows\""}

[[package]]
name = "colorama"
version = "0.4.6"
description = "Cross-platform colored terminal text."
optional = false
python-versions = "!=3.0.*,!=3.1.*,!=3.2.*,!=3.3.*,!=3.4.*,!=3.5.*,!=3.6.*,>=2.7"
files = [
    {file = "colorama-0.4.6-py2.py3-none-any.whl", hash = "sha256:4f1d9991f5acc0ca119f9d443620b77f9d6b33703e51011c16baf57afb285fc6"},
    {file = "colorama-0.4.6.tar.gz", hash = "sha256:08695f5cb7ed6e0531a20572697297273c47b8cae5a63ffc6d6ed5c201be6e44"},
]

[[package]]
name = "dulwich"
version = "0.22.3"
description = "Python Git Library"
optional = false
python-versions = ">=3.8"
files = [
    {file = "dulwich-0.22.3-cp310-cp310-macosx_11_0_arm64.whl", hash = "sha256:1460237edf8f64897128109e624a002c5d027fd2894ac24f802ba073a1c75b4e"},
    {file = "dulwich-0.22.3-cp310-cp310-manylinux_2_17_aarch64.manylinux2014_aarch64.whl", hash = "sha256:66728526affdcc5e7cc2fd4a3ddbcb5f244aef03d88d1543098f9e85fb9070c6"},
    {file = "dulwich-0.22.3-cp310-cp310-manylinux_2_17_x86_64.manylinux2014_x86_64.whl", hash = "sha256:a4d45dd321d48dcf13d7d677b60d58c725dd6e743fca0bc3aa2cd3e5e6a1c142"},
    {file = "dulwich-0.22.3-cp310-cp310-manylinux_2_5_i686.manylinux1_i686.manylinux_2_17_i686.manylinux2014_i686.whl", hash = "sha256:a6720b76a068af69556d12cd2464def882cf212eceedf7b9e450bed62f74c0e0"},
    {file = "dulwich-0.22.3-cp310-cp310-win32.whl", hash = "sha256:4a3517be3fa48ef3ce84e0e5e35a88105b937e41575b2ba07e08b9c8a900c4db"},
    {file = "dulwich-0.22.3-cp310-cp310-win_amd64.whl", hash = "sha256:20d56c4d437e6fee3ebfc4240fc01ce4e17fc611159743520d0a687930ea9a94"},
    {file = "dulwich-0.22.3-cp311-cp311-macosx_11_0_arm64.whl", hash = "sha256:dd7601e6babe745c65f92f067eac0cb77a1ce770cc8f81662c70472e17aca866"},
    {file = "dulwich-0.22.3-cp311-cp311-manylinux_2_17_aarch64.manylinux2014_aarch64.whl", hash = "sha256:e10deab8067af927eb2523e912a0f7532a7aa5df0c03e9811681abc13f9d8c05"},
    {file = "dulwich-0.22.3-cp311-cp311-manylinux_2_17_x86_64.manylinux2014_x86_64.whl", hash = "sha256:382a8cef3bfebad66b0e5be836ac0788d48f49d8158406523a42bc52f7e88916"},
    {file = "dulwich-0.22.3-cp311-cp311-manylinux_2_5_i686.manylinux1_i686.manylinux_2_17_i686.manylinux2014_i686.whl", hash = "sha256:e0ea6e8bb0e8b536aa1c725ff81a2ffacc358ade4a82a803c82e7d6c6e74254f"},
    {file = "dulwich-0.22.3-cp311-cp311-win32.whl", hash = "sha256:abe0859ab1226f5ed09733487b19eefcf6ad0258620fd98d820fc552a67d6538"},
    {file = "dulwich-0.22.3-cp311-cp311-win_amd64.whl", hash = "sha256:b0cbfe6d191e354f1af362fd4817243b2361f7a27f1619c3d67cdc48987aef44"},
    {file = "dulwich-0.22.3-cp312-cp312-macosx_11_0_arm64.whl", hash = "sha256:607446fcc9d8e4051ce0f8714c5f757b07b20e652c59cb15ae155440a930a720"},
    {file = "dulwich-0.22.3-cp312-cp312-manylinux_2_17_aarch64.manylinux2014_aarch64.whl", hash = "sha256:07a3fb3a6f85caf33863b896a9fb6fb3b1df4ae91f67ca3682fe33cf3251f6f8"},
    {file = "dulwich-0.22.3-cp312-cp312-manylinux_2_17_x86_64.manylinux2014_x86_64.whl", hash = "sha256:bb21a4ec9c5f965dee83fca4a4003eae7c23ec58573a646ea4826aa081cdaa02"},
    {file = "dulwich-0.22.3-cp312-cp312-manylinux_2_5_i686.manylinux1_i686.manylinux_2_17_i686.manylinux2014_i686.whl", hash = "sha256:cb96c046cbf8011cf5fded9bcd96b3e4d0ebd2e277a87927efa91a5e639173c9"},
    {file = "dulwich-0.22.3-cp312-cp312-win32.whl", hash = "sha256:bed17abec074e3a0be07253e020425935eb5dbc639e5701854925e5d4ee91d20"},
    {file = "dulwich-0.22.3-cp312-cp312-win_amd64.whl", hash = "sha256:e6a005e2a694f528ae839834bdaf674cb36a366e6a16ed8cc2646f99a2018385"},
    {file = "dulwich-0.22.3-cp313-cp313-macosx_11_0_arm64.whl", hash = "sha256:315b33bb0658ae2892bdcbdfff2d8503adc54eb65880aca86ce158aae0962381"},
    {file = "dulwich-0.22.3-cp313-cp313-manylinux_2_17_aarch64.manylinux2014_aarch64.whl", hash = "sha256:15fb3c2f273fbf08459ccd096f2930fc744dd8d78c4601b69be89de23e384698"},
    {file = "dulwich-0.22.3-cp313-cp313-manylinux_2_17_x86_64.manylinux2014_x86_64.whl", hash = "sha256:d1ec82d8d4cc167f760f0f72febd1d4a99e23cbde758a2049b476d30e0b36467"},
    {file = "dulwich-0.22.3-cp313-cp313-manylinux_2_5_i686.manylinux1_i686.manylinux_2_17_i686.manylinux2014_i686.whl", hash = "sha256:aab48954d4fefec6e84ba0c0a44c32d1d99b6162d43efa1ecd3a8b8d2ae5a707"},
    {file = "dulwich-0.22.3-cp313-cp313-win32.whl", hash = "sha256:e24224fa4cdda64c0854c88ee3d1b47c7c74a47ef259b38dcd5a78b8dcbe5020"},
    {file = "dulwich-0.22.3-cp313-cp313-win_amd64.whl", hash = "sha256:02be7c0d183f08dfd34f27522bb5f5be9431d88eb76fd2a01012aa14fc4b26df"},
    {file = "dulwich-0.22.3-cp38-cp38-macosx_10_9_x86_64.whl", hash = "sha256:b7f5933b77f3b91e3715743948f1137a3a767965f1755ba792233ae9f7e6f3fe"},
    {file = "dulwich-0.22.3-cp38-cp38-manylinux_2_17_aarch64.manylinux2014_aarch64.whl", hash = "sha256:ff4a632453e33838fb9aa0c06ebcc64e242ae411a63413a03ce92cf0a06373dc"},
    {file = "dulwich-0.22.3-cp38-cp38-manylinux_2_17_x86_64.manylinux2014_x86_64.whl", hash = "sha256:d8a8c5c1bb89b5affd0dec08f14bc1c1ead455d98d558f7611e96cf196f408b1"},
    {file = "dulwich-0.22.3-cp38-cp38-manylinux_2_5_i686.manylinux1_i686.manylinux_2_17_i686.manylinux2014_i686.whl", hash = "sha256:009169b1176db724efbde321b212e80aebdfc09d155e8930475b549696d7aec6"},
    {file = "dulwich-0.22.3-cp38-cp38-win32.whl", hash = "sha256:43461d7fa852113ff2290c9313b77b86e075eacb3286c2f9d0f9cbd787c0508a"},
    {file = "dulwich-0.22.3-cp38-cp38-win_amd64.whl", hash = "sha256:f3fc0b27ffc6024f180bc5f207f9de16cded8b91f70eae85af14662d5d7a4b6f"},
    {file = "dulwich-0.22.3-cp39-cp39-macosx_11_0_arm64.whl", hash = "sha256:0223c844dda49990ad2120a60e4d661391747f64733f31f9d347a607d71175c2"},
    {file = "dulwich-0.22.3-cp39-cp39-manylinux_2_17_aarch64.manylinux2014_aarch64.whl", hash = "sha256:d76cd141f55c7e657ca42477a2d5192ff808cbd233a3af77c8cffe275a57d382"},
    {file = "dulwich-0.22.3-cp39-cp39-manylinux_2_17_x86_64.manylinux2014_x86_64.whl", hash = "sha256:a7395cb933c962b6cdcf63f7251cb22ce8158639a38458d7d9c557b7f140342a"},
    {file = "dulwich-0.22.3-cp39-cp39-manylinux_2_5_i686.manylinux1_i686.manylinux_2_17_i686.manylinux2014_i686.whl", hash = "sha256:7246cc9fa9439e70afd9218fc6b620a425453a560d8aa20202c555712f94609a"},
    {file = "dulwich-0.22.3-cp39-cp39-win32.whl", hash = "sha256:125f993c52580c612883c9fa4c0a63f4c1c5c0b3c6c68e7ffdb1800f8862a8da"},
    {file = "dulwich-0.22.3-cp39-cp39-win_amd64.whl", hash = "sha256:f520e61e9e5b8cca15267d2f015f1819cb2b640ccb204f3e175624d8aa1dab37"},
    {file = "dulwich-0.22.3-pp310-pypy310_pp73-macosx_10_15_x86_64.whl", hash = "sha256:0c2f065727f319fb3c9e6f3a3d91a1bfdedb7b902bfc671cade9a7c8b27dd5c8"},
    {file = "dulwich-0.22.3-pp310-pypy310_pp73-manylinux_2_17_aarch64.manylinux2014_aarch64.whl", hash = "sha256:bcc93ff43e74415af094c99ca7f70be86d68f80fbace4282e17db440f38c1669"},
    {file = "dulwich-0.22.3-pp310-pypy310_pp73-manylinux_2_17_x86_64.manylinux2014_x86_64.whl", hash = "sha256:73f960ae68264ce09bade48151beea887761f046934cdb91a8ce2a8c9ecb7673"},
    {file = "dulwich-0.22.3-pp310-pypy310_pp73-manylinux_2_5_i686.manylinux1_i686.manylinux_2_17_i686.manylinux2014_i686.whl", hash = "sha256:3e5bb4dedbd1a379871b1db7ef84de051446c8e4983e9c884ca5ea0f7ef94887"},
    {file = "dulwich-0.22.3-pp310-pypy310_pp73-win_amd64.whl", hash = "sha256:da3f10729f8cb6e1a936fc56439391feb3ad56642d1172d32a5e95f51b1bc73b"},
    {file = "dulwich-0.22.3-pp38-pypy38_pp73-win_amd64.whl", hash = "sha256:358377eff6b526247ec506ca645319f6f526faea718f5a22506783f3b3b852fc"},
    {file = "dulwich-0.22.3-pp39-pypy39_pp73-manylinux_2_17_x86_64.manylinux2014_x86_64.whl", hash = "sha256:19e471bdb8a96803d3d00f6f1b6a7fdff12aa6aaaf24577c3b802b340b50b28c"},
    {file = "dulwich-0.22.3-pp39-pypy39_pp73-manylinux_2_5_i686.manylinux1_i686.manylinux_2_17_i686.manylinux2014_i686.whl", hash = "sha256:ac02da1fe186c154314eb3d7fa5bba7dc182de320cc55642aa7f3b29372716d1"},
    {file = "dulwich-0.22.3-pp39-pypy39_pp73-win_amd64.whl", hash = "sha256:1551944458e832aac941b2d4a106629040cf1641650228714d95af4498897c34"},
    {file = "dulwich-0.22.3.tar.gz", hash = "sha256:7968c7b8a877b614c46b5ee7c1b28411772123004d7cf6357e763ad2cbeb8254"},
]

[package.dependencies]
urllib3 = ">=1.25"

[package.extras]
dev = ["mypy (==1.12.0)", "ruff (==0.6.9)"]
fastimport = ["fastimport"]
https = ["urllib3 (>=1.24.1)"]
paramiko = ["paramiko"]
pgp = ["gpg"]

[[package]]
name = "mypy-extensions"
version = "1.0.0"
description = "Type system extensions for programs checked with the mypy type checker."
optional = false
python-versions = ">=3.5"
files = [
    {file = "mypy_extensions-1.0.0-py3-none-any.whl", hash = "sha256:4392f6c0eb8a5668a69e23d168ffa70f0be9ccfd32b5cc2d26a34ae5b844552d"},
    {file = "mypy_extensions-1.0.0.tar.gz", hash = "sha256:75dbf8955dc00442a438fc4d0666508a9a97b6bd41aa2f0ffe9d2f2725af0782"},
]

[[package]]
name = "packaging"
version = "24.1"
description = "Core utilities for Python packages"
optional = false
python-versions = ">=3.8"
files = [
    {file = "packaging-24.1-py3-none-any.whl", hash = "sha256:5b8f2217dbdbd2f7f384c41c628544e6d52f2d0f53c6d0c3ea61aa5d1d7ff124"},
    {file = "packaging-24.1.tar.gz", hash = "sha256:026ed72c8ed3fcce5bf8950572258698927fd1dbda10a5e981cdf0ac37f4f002"},
]

[[package]]
name = "pathspec"
version = "0.12.1"
description = "Utility library for gitignore style pattern matching of file paths."
optional = false
python-versions = ">=3.8"
files = [
    {file = "pathspec-0.12.1-py3-none-any.whl", hash = "sha256:a0d503e138a4c123b27490a4f7beda6a01c6f288df0e4a8b79c7eb0dc7b4cc08"},
    {file = "pathspec-0.12.1.tar.gz", hash = "sha256:a482d51503a1ab33b1c67a6c3813a26953dbdc71c31dacaef9a838c4e29f5712"},
]

[[package]]
name = "platformdirs"
version = "4.3.6"
description = "A small Python package for determining appropriate platform-specific dirs, e.g. a `user data dir`."
optional = false
python-versions = ">=3.8"
files = [
    {file = "platformdirs-4.3.6-py3-none-any.whl", hash = "sha256:73e575e1408ab8103900836b97580d5307456908a03e92031bab39e4554cc3fb"},
    {file = "platformdirs-4.3.6.tar.gz", hash = "sha256:357fb2acbc885b0419afd3ce3ed34564c13c9b95c89360cd9563f73aa5e2b907"},
]

[package.extras]
docs = ["furo (>=2024.8.6)", "proselint (>=0.14)", "sphinx (>=8.0.2)", "sphinx-autodoc-typehints (>=2.4)"]
test = ["appdirs (==1.4.4)", "covdefaults (>=2.3)", "pytest (>=8.3.2)", "pytest-cov (>=5)", "pytest-mock (>=3.14)"]
type = ["mypy (>=1.11.2)"]

[[package]]
name = "urllib3"
version = "2.2.3"
description = "HTTP library with thread-safe connection pooling, file post, and more."
optional = false
python-versions = ">=3.8"
files = [
    {file = "urllib3-2.2.3-py3-none-any.whl", hash = "sha256:ca899ca043dcb1bafa3e262d73aa25c465bfb49e0bd9dd5d59f1d0acba2f8fac"},
    {file = "urllib3-2.2.3.tar.gz", hash = "sha256:e7d814a81dad81e6caf2ec9fdedb284ecc9c73076b62654547cc64ccdcae26e9"},
]

[package.extras]
brotli = ["brotli (>=1.0.9)", "brotlicffi (>=0.8.0)"]
h2 = ["h2 (>=4,<5)"]
socks = ["pysocks (>=1.5.6,!=1.5.7,<2.0)"]
zstd = ["zstandard (>=0.18.0)"]

[metadata]
lock-version = "2.0"
python-versions = "^3.12"
content-hash = "d0d04185fda21af80091dcf303aa17512532e490b38235b08ab6e85d1be2a9ab"
